
Microsoft Visual Studio Solution File, Format Version 12.00
# Visual Studio Version 16
VisualStudioVersion = 16.0.30711.63
MinimumVisualStudioVersion = 10.0.40219.1
Project("{8BC9CEB8-8B4A-11D0-8D11-00A0C91BC942}") = "Snake", "Snake\Snake.vcxproj", "{558E564A-9184-44F5-B526-D300F36F2E99}"
EndProject
Global
	GlobalSection(SolutionConfigurationPlatforms) = preSolution
		Debug|x64 = Debug|x64
		Debug|x86 = Debug|x86
		Release|x64 = Release|x64
		Release|x86 = Release|x86
	EndGlobalSection
	GlobalSection(ProjectConfigurationPlatforms) = postSolution
		{558E564A-9184-44F5-B526-D300F36F2E99}.Debug|x64.ActiveCfg = Debug|x64
		{558E564A-9184-44F5-B526-D300F36F2E99}.Debug|x64.Build.0 = Debug|x64
		{558E564A-9184-44F5-B526-D300F36F2E99}.Debug|x86.ActiveCfg = Debug|Win32
		{558E564A-9184-44F5-B526-D300F36F2E99}.Debug|x86.Build.0 = Debug|Win32
		{558E564A-9184-44F5-B526-D300F36F2E99}.Release|x64.ActiveCfg = Release|x64
		{558E564A-9184-44F5-B526-D300F36F2E99}.Release|x64.Build.0 = Release|x64
		{558E564A-9184-44F5-B526-D300F36F2E99}.Release|x86.ActiveCfg = Release|Win32
		{558E564A-9184-44F5-B526-D300F36F2E99}.Release|x86.Build.0 = Release|Win32
	EndGlobalSection
	GlobalSection(SolutionProperties) = preSolution
		HideSolutionNode = FALSE
	EndGlobalSection
	GlobalSection(ExtensibilityGlobals) = postSolution
		SolutionGuid = {AA8D4BFC-AE49-48F1-9CAD-8CD10BD83578}
	EndGlobalSection
EndGlobal
